// !$*UTF8*$!
{
	archiveVersion = 1;
	classes = {
	};
	objectVersion = 46;
	objects = {

/* Begin PBXBuildFile section */
		5B020EE91EF55DDC00F40699 /* AppDelegate.swift in Sources */ = {isa = PBXBuildFile; fileRef = 5B020EE81EF55DDC00F40699 /* AppDelegate.swift */; };
		5B020EEB1EF55DDC00F40699 /* ViewController.swift in Sources */ = {isa = PBXBuildFile; fileRef = 5B020EEA1EF55DDC00F40699 /* ViewController.swift */; };
		5B020EEE1EF55DDC00F40699 /* Main.storyboard in Resources */ = {isa = PBXBuildFile; fileRef = 5B020EEC1EF55DDC00F40699 /* Main.storyboard */; };
		5B020EF01EF55DDC00F40699 /* Assets.xcassets in Resources */ = {isa = PBXBuildFile; fileRef = 5B020EEF1EF55DDC00F40699 /* Assets.xcassets */; };
		5B020EF31EF55DDC00F40699 /* LaunchScreen.storyboard in Resources */ = {isa = PBXBuildFile; fileRef = 5B020EF11EF55DDC00F40699 /* LaunchScreen.storyboard */; };
/* End PBXBuildFile section */

/* Begin PBXFileReference section */
		5B020EE51EF55DDC00F40699 /* IosMemoApp.app */ = {isa = PBXFileReference; explicitFileType = wrapper.application; includeInIndex = 0; path = IosMemoApp.app; sourceTree = BUILT_PRODUCTS_DIR; };
		5B020EE81EF55DDC00F40699 /* AppDelegate.swift */ = {isa = PBXFileReference; lastKnownFileType = sourcecode.swift; path = AppDelegate.swift; sourceTree = "<group>"; };
		5B020EEA1EF55DDC00F40699 /* ViewController.swift */ = {isa = PBXFileReference; lastKnownFileType = sourcecode.swift; path = ViewController.swift; sourceTree = "<group>"; };
		5B020EED1EF55DDC00F40699 /* Base */ = {isa = PBXFileReference; lastKnownFileType = file.storyboard; name = Base; path = Base.lproj/Main.storyboard; sourceTree = "<group>"; };
		5B020EEF1EF55DDC00F40699 /* Assets.xcassets */ = {isa = PBXFileReference; lastKnownFileType = folder.assetcatalog; path = Assets.xcassets; sourceTree = "<group>"; };
		5B020EF21EF55DDC00F40699 /* Base */ = {isa = PBXFileReference; lastKnownFileType = file.storyboard; name = Base; path = Base.lproj/LaunchScreen.storyboard; sourceTree = "<group>"; };
		5B020EF41EF55DDC00F40699 /* Info.plist */ = {isa = PBXFileReference; lastKnownFileType = text.plist.xml; path = Info.plist; sourceTree = "<group>"; };
/* End PBXFileReference section */

/* Begin PBXFrameworksBuildPhase section */
		5B020EE21EF55DDC00F40699 /* Frameworks */ = {
			isa = PBXFrameworksBuildPhase;
			buildActionMask = 2147483647;
			files = (
			);
			runOnlyForDeploymentPostprocessing = 0;
		};
/* End PBXFrameworksBuildPhase section */

/* Begin PBXGroup section */
		5B020EDC1EF55DDC00F40699 = {
			isa = PBXGroup;
			children = (
				5B020EE71EF55DDC00F40699 /* IosMemoApp */,
				5B020EE61EF55DDC00F40699 /* Products */,
			);
			sourceTree = "<group>";
		};
		5B020EE61EF55DDC00F40699 /* Products */ = {
			isa = PBXGroup;
			children = (
				5B020EE51EF55DDC00F40699 /* IosMemoApp.app */,
			);
			name = Products;
			sourceTree = "<group>";
		};
		5B020EE71EF55DDC00F40699 /* IosMemoApp */ = {
			isa = PBXGroup;
			children = (
				5B020EE81EF55DDC00F40699 /* AppDelegate.swift */,
				5B020EEA1EF55DDC00F40699 /* ViewController.swift */,
				5B020EEC1EF55DDC00F40699 /* Main.storyboard */,
				5B020EEF1EF55DDC00F40699 /* Assets.xcassets */,
				5B020EF11EF55DDC00F40699 /* LaunchScreen.storyboard */,
				5B020EF41EF55DDC00F40699 /* Info.plist */,
			);
			path = IosMemoApp;
			sourceTree = "<group>";
		};
/* End PBXGroup section */

/* Begin PBXNativeTarget section */
		5B020EE41EF55DDC00F40699 /* IosMemoApp */ = {
			isa = PBXNativeTarget;
			buildConfigurationList = 5B020EF71EF55DDC00F40699 /* Build configuration list for PBXNativeTarget "IosMemoApp" */;
			buildPhases = (
				5B020EE11EF55DDC00F40699 /* Sources */,
				5B020EE21EF55DDC00F40699 /* Frameworks */,
				5B020EE31EF55DDC00F40699 /* Resources */,
			);
			buildRules = (
			);
			dependencies = (
			);
			name = IosMemoApp;
			productName = IosMemoApp;
			productReference = 5B020EE51EF55DDC00F40699 /* IosMemoApp.app */;
			productType = "com.apple.product-type.application";
		};
/* End PBXNativeTarget section */

/* Begin PBXProject section */
		5B020EDD1EF55DDC00F40699 /* Project object */ = {
			isa = PBXProject;
			attributes = {
				LastSwiftUpdateCheck = 0830;
				LastUpgradeCheck = 0830;
				ORGANIZATIONNAME = Yuji;
				TargetAttributes = {
					5B020EE41EF55DDC00F40699 = {
						CreatedOnToolsVersion = 8.3.3;
						DevelopmentTeam = MGHH4PP8LQ;
						ProvisioningStyle = Automatic;
					};
				};
			};
			buildConfigurationList = 5B020EE01EF55DDC00F40699 /* Build configuration list for PBXProject "IosMemoApp" */;
			compatibilityVersion = "Xcode 3.2";
			developmentRegion = English;
			hasScannedForEncodings = 0;
			knownRegions = (
				en,
				Base,
			);
			mainGroup = 5B020EDC1EF55DDC00F40699;
			productRefGroup = 5B020EE61EF55DDC00F40699 /* Products */;
			projectDirPath = "";
			projectRoot = "";
			targets = (
				5B020EE41EF55DDC00F40699 /* IosMemoApp */,
			);
		};
/* End PBXProject section */

/* Begin PBXResourcesBuildPhase section */
		5B020EE31EF55DDC00F40699 /* Resources */ = {
			isa = PBXResourcesBuildPhase;
			buildActionMask = 2147483647;
			files = (
				5B020EF31EF55DDC00F40699 /* LaunchScreen.storyboard in Resources */,
				5B020EF01EF55DDC00F40699 /* Assets.xcassets in Resources */,
				5B020EEE1EF55DDC00F40699 /* Main.storyboard in Resources */,
			);
			runOnlyForDeploymentPostprocessing = 0;
		};
/* End PBXResourcesBuildPhase section */

/* Begin PBXSourcesBuildPhase section */
		5B020EE11EF55DDC00F40699 /* Sources */ = {
			isa = PBXSourcesBuildPhase;
			buildActionMask = 2147483647;
			files = (
				5B020EEB1EF55DDC00F40699 /* ViewController.swift in Sources */,
				5B020EE91EF55DDC00F40699 /* AppDelegate.swift in Sources */,
			);
			runOnlyForDeploymentPostprocessing = 0;
		};
/* End PBXSourcesBuildPhase section */

/* Begin PBXVariantGroup section */
		5B020EEC1EF55DDC00F40699 /* Main.storyboard */ = {
			isa = PBXVariantGroup;
			children = (
				5B020EED1EF55DDC00F40699 /* Base */,
			);
			name = Main.storyboard;
			sourceTree = "<group>";
		};
		5B020EF11EF55DDC00F40699 /* LaunchScreen.storyboard */ = {
			isa = PBXVariantGroup;
			children = (
				5B020EF21EF55DDC00F40699 /* Base */,
			);
			name = LaunchScreen.storyboard;
			sourceTree = "<group>";
		};
/* End PBXVariantGroup section */

/* Begin XCBuildConfiguration section */
		5B020EF51EF55DDC00F40699 /* Debug */ = {
			isa = XCBuildConfiguration;
			buildSettings = {
				ALWAYS_SEARCH_USER_PATHS = NO;
				CLANG_ANALYZER_NONNULL = YES;
				CLANG_ANALYZER_NUMBER_OBJECT_CONVERSION = YES_AGGRESSIVE;
				CLANG_CXX_LANGUAGE_STANDARD = "gnu++0x";
				CLANG_CXX_LIBRARY = "libc++";
				CLANG_ENABLE_MODULES = YES;
				CLANG_ENABLE_OBJC_ARC = YES;
				CLANG_WARN_BOOL_CONVERSION = YES;
				CLANG_WARN_CONSTANT_CONVERSION = YES;
				CLANG_WARN_DIRECT_OBJC_ISA_USAGE = YES_ERROR;
				CLANG_WARN_DOCUMENTATION_COMMENTS = YES;
				CLANG_WARN_EMPTY_BODY = YES;
				CLANG_WARN_ENUM_CONVERSION = YES;
				CLANG_WARN_INFINITE_RECURSION = YES;
				CLANG_WARN_INT_CONVERSION = YES;
				CLANG_WARN_OBJC_ROOT_CLASS = YES_ERROR;
				CLANG_WARN_SUSPICIOUS_MOVE = YES;
				CLANG_WARN_UNREACHABLE_CODE = YES;
				CLANG_WARN__DUPLICATE_METHOD_MATCH = YES;
				"CODE_SIGN_IDENTITY[sdk=iphoneos*]" = "iPhone Developer";
				COPY_PHASE_STRIP = NO;
				DEBUG_INFORMATION_FORMAT = dwarf;
				ENABLE_STRICT_OBJC_MSGSEND = YES;
				ENABLE_TESTABILITY = YES;
				GCC_C_LANGUAGE_STANDARD = gnu99;
				GCC_DYNAMIC_NO_PIC = NO;
				GCC_NO_COMMON_BLOCKS = YES;
				GCC_OPTIMIZATION_LEVEL = 0;
				GCC_PREPROCESSOR_DEFINITIONS = (
					"DEBUG=1",
					"$(inherited)",
				);
				GCC_WARN_64_TO_32_BIT_CONVERSION = YES;
				GCC_WARN_ABOUT_RETURN_TYPE = YES_ERROR;
				GCC_WARN_UNDECLARED_SELECTOR = YES;
				GCC_WARN_UNINITIALIZED_AUTOS = YES_AGGRESSIVE;
				GCC_WARN_UNUSED_FUNCTION = YES;
				GCC_WARN_UNUSED_VARIABLE = YES;
				IPHONEOS_DEPLOYMENT_TARGET = 10.3;
				MTL_ENABLE_DEBUG_INFO = YES;
				ONLY_ACTIVE_ARCH = YES;
				SDKROOT = iphoneos;
				SWIFT_ACTIVE_COMPILATION_CONDITIONS = DEBUG;
				SWIFT_OPTIMIZATION_LEVEL = "-Onone";
			};
			name = Debug;
		};
		5B020EF61EF55DDC00F40699 /* Release */ = {
			isa = XCBuildConfiguration;
			buildSettings = {
				ALWAYS_SEARCH_USER_PATHS = NO;
				CLANG_ANALYZER_NONNULL = YES;
				CLANG_ANALYZER_NUMBER_OBJECT_CONVERSION = YES_AGGRESSIVE;
				CLANG_CXX_LANGUAGE_STANDARD = "gnu++0x";
				CLANG_CXX_LIBRARY = "libc++";
				CLANG_ENABLE_MODULES = YES;
				CLANG_ENABLE_OBJC_ARC = YES;
				CLANG_WARN_BOOL_CONVERSION = YES;
				CLANG_WARN_CONSTANT_CONVERSION = YES;
				CLANG_WARN_DIRECT_OBJC_ISA_USAGE = YES_ERROR;
				CLANG_WARN_DOCUMENTATION_COMMENTS = YES;
				CLANG_WARN_EMPTY_BODY = YES;
				CLANG_WARN_ENUM_CONVERSION = YES;
				CLANG_WARN_INFINITE_RECURSION = YES;
				CLANG_WARN_INT_CONVERSION = YES;
				CLANG_WARN_OBJC_ROOT_CLASS = YES_ERROR;
				CLANG_WARN_SUSPICIOUS_MOVE = YES;
				CLANG_WARN_UNREACHABLE_CODE = YES;
				CLANG_WARN__DUPLICATE_METHOD_MATCH = YES;
				"CODE_SIGN_IDENTITY[sdk=iphoneos*]" = "iPhone Developer";
				COPY_PHASE_STRIP = NO;
				DEBUG_INFORMATION_FORMAT = "dwarf-with-dsym";
				ENABLE_NS_ASSERTIONS = NO;
				ENABLE_STRICT_OBJC_MSGSEND = YES;
				GCC_C_LANGUAGE_STANDARD = gnu99;
				GCC_NO_COMMON_BLOCKS = YES;
				GCC_WARN_64_TO_32_BIT_CONVERSION = YES;
				GCC_WARN_ABOUT_RETURN_TYPE = YES_ERROR;
				GCC_WARN_UNDECLARED_SELECTOR = YES;
				GCC_WARN_UNINITIALIZED_AUTOS = YES_AGGRESSIVE;
				GCC_WARN_UNUSED_FUNCTION = YES;
				GCC_WARN_UNUSED_VARIABLE = YES;
				IPHONEOS_DEPLOYMENT_TARGET = 10.3;
				MTL_ENABLE_DEBUG_INFO = NO;
				SDKROOT = iphoneos;
				SWIFT_OPTIMIZATION_LEVEL = "-Owholemodule";
				VALIDATE_PRODUCT = YES;
			};
			name = Release;
		};
		5B020EF81EF55DDC00F40699 /* Debug */ = {
			isa = XCBuildConfiguration;
			buildSettings = {
				ASSETCATALOG_COMPILER_APPICON_NAME = AppIcon;
				DEVELOPMENT_TEAM = MGHH4PP8LQ;
				INFOPLIST_FILE = IosMemoApp/Info.plist;
				LD_RUNPATH_SEARCH_PATHS = "$(inherited) @executable_path/Frameworks";
				PRODUCT_BUNDLE_IDENTIFIER = Yuji.IosMemoApp;
				PRODUCT_NAME = "$(TARGET_NAME)";
				SWIFT_VERSION = 3.0;
			};
			name = Debug;
		};
		5B020EF91EF55DDC00F40699 /* Release */ = {
			isa = XCBuildConfiguration;
			buildSettings = {
				ASSETCATALOG_COMPILER_APPICON_NAME = AppIcon;
				DEVELOPMENT_TEAM = MGHH4PP8LQ;
				INFOPLIST_FILE = IosMemoApp/Info.plist;
				LD_RUNPATH_SEARCH_PATHS = "$(inherited) @executable_path/Frameworks";
				PRODUCT_BUNDLE_IDENTIFIER = Yuji.IosMemoApp;
				PRODUCT_NAME = "$(TARGET_NAME)";
				SWIFT_VERSION = 3.0;
			};
			name = Release;
		};
/* End XCBuildConfiguration section */

/* Begin XCConfigurationList section */
		5B020EE01EF55DDC00F40699 /* Build configuration list for PBXProject "IosMemoApp" */ = {
			isa = XCConfigurationList;
			buildConfigurations = (
				5B020EF51EF55DDC00F40699 /* Debug */,
				5B020EF61EF55DDC00F40699 /* Release */,
			);
			defaultConfigurationIsVisible = 0;
			defaultConfigurationName = Release;
		};
		5B020EF71EF55DDC00F40699 /* Build configuration list for PBXNativeTarget "IosMemoApp" */ = {
			isa = XCConfigurationList;
			buildConfigurations = (
				5B020EF81EF55DDC00F40699 /* Debug */,
				5B020EF91EF55DDC00F40699 /* Release */,
			);
			defaultConfigurationIsVisible = 0;
		};
/* End XCConfigurationList section */
	};
	rootObject = 5B020EDD1EF55DDC00F40699 /* Project object */;
}
